// !$*UTF8*$!
{
	archiveVersion = 1;
	classes = {
	};
	objectVersion = 46;
	objects = {

/* Begin PBXBuildFile section */
		0E7FA63F1BA182B100DE2A7A /* DataModel.swift in Sources */ = {isa = PBXBuildFile; fileRef = 0E7FA63E1BA182B100DE2A7A /* DataModel.swift */; };
		0E8D90F91BA00BCB00FACE8B /* AllListsViewController.swift in Sources */ = {isa = PBXBuildFile; fileRef = 0E8D90F81BA00BCB00FACE8B /* AllListsViewController.swift */; };
		0E8D90FB1BA0200000FACE8B /* Checklist.swift in Sources */ = {isa = PBXBuildFile; fileRef = 0E8D90FA1BA0200000FACE8B /* Checklist.swift */; };
		0E8D90FD1BA02FF800FACE8B /* ListDetailViewController.swift in Sources */ = {isa = PBXBuildFile; fileRef = 0E8D90FC1BA02FF800FACE8B /* ListDetailViewController.swift */; };
		0EA28D191BA2ABE100315870 /* IconPickerViewController.swift in Sources */ = {isa = PBXBuildFile; fileRef = 0EA28D181BA2ABE100315870 /* IconPickerViewController.swift */; };
		0EB4590A1B9D7C4900FBB6AF /* AppDelegate.swift in Sources */ = {isa = PBXBuildFile; fileRef = 0EB459091B9D7C4900FBB6AF /* AppDelegate.swift */; };
		0EB4590C1B9D7C4900FBB6AF /* ChecklistViewController.swift in Sources */ = {isa = PBXBuildFile; fileRef = 0EB4590B1B9D7C4900FBB6AF /* ChecklistViewController.swift */; };
		0EB459111B9D7C4900FBB6AF /* Images.xcassets in Resources */ = {isa = PBXBuildFile; fileRef = 0EB459101B9D7C4900FBB6AF /* Images.xcassets */; };
		0EB459201B9D7C4900FBB6AF /* ChecklistsTests.swift in Sources */ = {isa = PBXBuildFile; fileRef = 0EB4591F1B9D7C4900FBB6AF /* ChecklistsTests.swift */; };
		0EDC133C1B9DDD9800306AA9 /* ChecklistItem.swift in Sources */ = {isa = PBXBuildFile; fileRef = 0EDC133B1B9DDD9800306AA9 /* ChecklistItem.swift */; };
		0EDC13401B9EB55000306AA9 /* ItemDetailViewController.swift in Sources */ = {isa = PBXBuildFile; fileRef = 0EDC133F1B9EB55000306AA9 /* ItemDetailViewController.swift */; };
		0EDC13441B9F096F00306AA9 /* Main.storyboard in Resources */ = {isa = PBXBuildFile; fileRef = 0EDC13431B9F096F00306AA9 /* Main.storyboard */; };
/* End PBXBuildFile section */

/* Begin PBXContainerItemProxy section */
		0EB4591A1B9D7C4900FBB6AF /* PBXContainerItemProxy */ = {
			isa = PBXContainerItemProxy;
			containerPortal = 0EB458FC1B9D7C4900FBB6AF /* Project object */;
			proxyType = 1;
			remoteGlobalIDString = 0EB459031B9D7C4900FBB6AF;
			remoteInfo = Checklists;
		};
/* End PBXContainerItemProxy section */

/* Begin PBXFileReference section */
		0E7FA63E1BA182B100DE2A7A /* DataModel.swift */ = {isa = PBXFileReference; fileEncoding = 4; lastKnownFileType = sourcecode.swift; path = DataModel.swift; sourceTree = "<group>"; };
		0E8D90F81BA00BCB00FACE8B /* AllListsViewController.swift */ = {isa = PBXFileReference; fileEncoding = 4; lastKnownFileType = sourcecode.swift; path = AllListsViewController.swift; sourceTree = "<group>"; };
		0E8D90FA1BA0200000FACE8B /* Checklist.swift */ = {isa = PBXFileReference; fileEncoding = 4; lastKnownFileType = sourcecode.swift; path = Checklist.swift; sourceTree = "<group>"; };
		0E8D90FC1BA02FF800FACE8B /* ListDetailViewController.swift */ = {isa = PBXFileReference; fileEncoding = 4; lastKnownFileType = sourcecode.swift; path = ListDetailViewController.swift; sourceTree = "<group>"; };
		0EA28D181BA2ABE100315870 /* IconPickerViewController.swift */ = {isa = PBXFileReference; fileEncoding = 4; lastKnownFileType = sourcecode.swift; path = IconPickerViewController.swift; sourceTree = "<group>"; };
		0EB459041B9D7C4900FBB6AF /* Checklists.app */ = {isa = PBXFileReference; explicitFileType = wrapper.application; includeInIndex = 0; path = Checklists.app; sourceTree = BUILT_PRODUCTS_DIR; };
		0EB459081B9D7C4900FBB6AF /* Info.plist */ = {isa = PBXFileReference; lastKnownFileType = text.plist.xml; path = Info.plist; sourceTree = "<group>"; };
		0EB459091B9D7C4900FBB6AF /* AppDelegate.swift */ = {isa = PBXFileReference; lastKnownFileType = sourcecode.swift; path = AppDelegate.swift; sourceTree = "<group>"; };
		0EB4590B1B9D7C4900FBB6AF /* ChecklistViewController.swift */ = {isa = PBXFileReference; lastKnownFileType = sourcecode.swift; lineEnding = 0; path = ChecklistViewController.swift; sourceTree = "<group>"; xcLanguageSpecificationIdentifier = xcode.lang.swift; };
		0EB459101B9D7C4900FBB6AF /* Images.xcassets */ = {isa = PBXFileReference; lastKnownFileType = folder.assetcatalog; path = Images.xcassets; sourceTree = "<group>"; };
		0EB459191B9D7C4900FBB6AF /* ChecklistsTests.xctest */ = {isa = PBXFileReference; explicitFileType = wrapper.cfbundle; includeInIndex = 0; path = ChecklistsTests.xctest; sourceTree = BUILT_PRODUCTS_DIR; };
		0EB4591E1B9D7C4900FBB6AF /* Info.plist */ = {isa = PBXFileReference; lastKnownFileType = text.plist.xml; path = Info.plist; sourceTree = "<group>"; };
		0EB4591F1B9D7C4900FBB6AF /* ChecklistsTests.swift */ = {isa = PBXFileReference; lastKnownFileType = sourcecode.swift; path = ChecklistsTests.swift; sourceTree = "<group>"; };
		0EDC133B1B9DDD9800306AA9 /* ChecklistItem.swift */ = {isa = PBXFileReference; fileEncoding = 4; lastKnownFileType = sourcecode.swift; path = ChecklistItem.swift; sourceTree = "<group>"; };
		0EDC133F1B9EB55000306AA9 /* ItemDetailViewController.swift */ = {isa = PBXFileReference; fileEncoding = 4; lastKnownFileType = sourcecode.swift; lineEnding = 0; path = ItemDetailViewController.swift; sourceTree = "<group>"; xcLanguageSpecificationIdentifier = xcode.lang.swift; };
		0EDC13431B9F096F00306AA9 /* Main.storyboard */ = {isa = PBXFileReference; fileEncoding = 4; lastKnownFileType = file.storyboard; path = Main.storyboard; sourceTree = "<group>"; };
/* End PBXFileReference section */

/* Begin PBXFrameworksBuildPhase section */
		0EB459011B9D7C4900FBB6AF /* Frameworks */ = {
			isa = PBXFrameworksBuildPhase;
			buildActionMask = 2147483647;
			files = (
			);
			runOnlyForDeploymentPostprocessing = 0;
		};
		0EB459161B9D7C4900FBB6AF /* Frameworks */ = {
			isa = PBXFrameworksBuildPhase;
			buildActionMask = 2147483647;
			files = (
			);
			runOnlyForDeploymentPostprocessing = 0;
		};
/* End PBXFrameworksBuildPhase section */

/* Begin PBXGroup section */
		0EB458FB1B9D7C4900FBB6AF = {
			isa = PBXGroup;
			children = (
				0EB459061B9D7C4900FBB6AF /* Checklists */,
				0EB4591C1B9D7C4900FBB6AF /* ChecklistsTests */,
				0EB459051B9D7C4900FBB6AF /* Products */,
			);
			sourceTree = "<group>";
		};
		0EB459051B9D7C4900FBB6AF /* Products */ = {
			isa = PBXGroup;
			children = (
				0EB459041B9D7C4900FBB6AF /* Checklists.app */,
				0EB459191B9D7C4900FBB6AF /* ChecklistsTests.xctest */,
			);
			name = Products;
			sourceTree = "<group>";
		};
		0EB459061B9D7C4900FBB6AF /* Checklists */ = {
			isa = PBXGroup;
			children = (
				0EDC13431B9F096F00306AA9 /* Main.storyboard */,
				0EB459091B9D7C4900FBB6AF /* AppDelegate.swift */,
				0E8D90F81BA00BCB00FACE8B /* AllListsViewController.swift */,
				0E8D90FC1BA02FF800FACE8B /* ListDetailViewController.swift */,
				0EB4590B1B9D7C4900FBB6AF /* ChecklistViewController.swift */,
				0EDC133B1B9DDD9800306AA9 /* ChecklistItem.swift */,
				0EDC133F1B9EB55000306AA9 /* ItemDetailViewController.swift */,
				0EB459101B9D7C4900FBB6AF /* Images.xcassets */,
				0EB459071B9D7C4900FBB6AF /* Supporting Files */,
				0E8D90FA1BA0200000FACE8B /* Checklist.swift */,
				0E7FA63E1BA182B100DE2A7A /* DataModel.swift */,
				0EA28D181BA2ABE100315870 /* IconPickerViewController.swift */,
			);
			path = Checklists;
			sourceTree = "<group>";
		};
		0EB459071B9D7C4900FBB6AF /* Supporting Files */ = {
			isa = PBXGroup;
			children = (
				0EB459081B9D7C4900FBB6AF /* Info.plist */,
			);
			name = "Supporting Files";
			sourceTree = "<group>";
		};
		0EB4591C1B9D7C4900FBB6AF /* ChecklistsTests */ = {
			isa = PBXGroup;
			children = (
				0EB4591F1B9D7C4900FBB6AF /* ChecklistsTests.swift */,
				0EB4591D1B9D7C4900FBB6AF /* Supporting Files */,
			);
			path = ChecklistsTests;
			sourceTree = "<group>";
		};
		0EB4591D1B9D7C4900FBB6AF /* Supporting Files */ = {
			isa = PBXGroup;
			children = (
				0EB4591E1B9D7C4900FBB6AF /* Info.plist */,
			);
			name = "Supporting Files";
			sourceTree = "<group>";
		};
/* End PBXGroup section */

/* Begin PBXNativeTarget section */
		0EB459031B9D7C4900FBB6AF /* Checklists */ = {
			isa = PBXNativeTarget;
			buildConfigurationList = 0EB459231B9D7C4900FBB6AF /* Build configuration list for PBXNativeTarget "Checklists" */;
			buildPhases = (
				0EB459001B9D7C4900FBB6AF /* Sources */,
				0EB459011B9D7C4900FBB6AF /* Frameworks */,
				0EB459021B9D7C4900FBB6AF /* Resources */,
			);
			buildRules = (
			);
			dependencies = (
			);
			name = Checklists;
			productName = Checklists;
			productReference = 0EB459041B9D7C4900FBB6AF /* Checklists.app */;
			productType = "com.apple.product-type.application";
		};
		0EB459181B9D7C4900FBB6AF /* ChecklistsTests */ = {
			isa = PBXNativeTarget;
			buildConfigurationList = 0EB459261B9D7C4900FBB6AF /* Build configuration list for PBXNativeTarget "ChecklistsTests" */;
			buildPhases = (
				0EB459151B9D7C4900FBB6AF /* Sources */,
				0EB459161B9D7C4900FBB6AF /* Frameworks */,
				0EB459171B9D7C4900FBB6AF /* Resources */,
			);
			buildRules = (
			);
			dependencies = (
				0EB4591B1B9D7C4900FBB6AF /* PBXTargetDependency */,
			);
			name = ChecklistsTests;
			productName = ChecklistsTests;
			productReference = 0EB459191B9D7C4900FBB6AF /* ChecklistsTests.xctest */;
			productType = "com.apple.product-type.bundle.unit-test";
		};
/* End PBXNativeTarget section */

/* Begin PBXProject section */
		0EB458FC1B9D7C4900FBB6AF /* Project object */ = {
			isa = PBXProject;
			attributes = {
				LastUpgradeCheck = 0640;
				ORGANIZATIONNAME = yasuhiroyoshida;
				TargetAttributes = {
					0EB459031B9D7C4900FBB6AF = {
						CreatedOnToolsVersion = 6.4;
					};
					0EB459181B9D7C4900FBB6AF = {
						CreatedOnToolsVersion = 6.4;
						TestTargetID = 0EB459031B9D7C4900FBB6AF;
					};
				};
			};
			buildConfigurationList = 0EB458FF1B9D7C4900FBB6AF /* Build configuration list for PBXProject "Checklists" */;
			compatibilityVersion = "Xcode 3.2";
			developmentRegion = English;
			hasScannedForEncodings = 0;
			knownRegions = (
				en,
				Base,
			);
			mainGroup = 0EB458FB1B9D7C4900FBB6AF;
			productRefGroup = 0EB459051B9D7C4900FBB6AF /* Products */;
			projectDirPath = "";
			projectRoot = "";
			targets = (
				0EB459031B9D7C4900FBB6AF /* Checklists */,
				0EB459181B9D7C4900FBB6AF /* ChecklistsTests */,
			);
		};
/* End PBXProject section */

/* Begin PBXResourcesBuildPhase section */
		0EB459021B9D7C4900FBB6AF /* Resources */ = {
			isa = PBXResourcesBuildPhase;
			buildActionMask = 2147483647;
			files = (
				0EDC13441B9F096F00306AA9 /* Main.storyboard in Resources */,
				0EB459111B9D7C4900FBB6AF /* Images.xcassets in Resources */,
			);
			runOnlyForDeploymentPostprocessing = 0;
		};
		0EB459171B9D7C4900FBB6AF /* Resources */ = {
			isa = PBXResourcesBuildPhase;
			buildActionMask = 2147483647;
			files = (
			);
			runOnlyForDeploymentPostprocessing = 0;
		};
/* End PBXResourcesBuildPhase section */

/* Begin PBXSourcesBuildPhase section */
		0EB459001B9D7C4900FBB6AF /* Sources */ = {
			isa = PBXSourcesBuildPhase;
			buildActionMask = 2147483647;
			files = (
				0EB4590C1B9D7C4900FBB6AF /* ChecklistViewController.swift in Sources */,
				0E8D90FD1BA02FF800FACE8B /* ListDetailViewController.swift in Sources */,
				0EDC13401B9EB55000306AA9 /* ItemDetailViewController.swift in Sources */,
				0EA28D191BA2ABE100315870 /* IconPickerViewController.swift in Sources */,
				0E8D90FB1BA0200000FACE8B /* Checklist.swift in Sources */,
				0EDC133C1B9DDD9800306AA9 /* ChecklistItem.swift in Sources */,
				0E7FA63F1BA182B100DE2A7A /* DataModel.swift in Sources */,
				0E8D90F91BA00BCB00FACE8B /* AllListsViewController.swift in Sources */,
				0EB4590A1B9D7C4900FBB6AF /* AppDelegate.swift in Sources */,
			);
			runOnlyForDeploymentPostprocessing = 0;
		};
		0EB459151B9D7C4900FBB6AF /* Sources */ = {
			isa = PBXSourcesBuildPhase;
			buildActionMask = 2147483647;
			files = (
				0EB459201B9D7C4900FBB6AF /* ChecklistsTests.swift in Sources */,
			);
			runOnlyForDeploymentPostprocessing = 0;
		};
/* End PBXSourcesBuildPhase section */

/* Begin PBXTargetDependency section */
		0EB4591B1B9D7C4900FBB6AF /* PBXTargetDependency */ = {
			isa = PBXTargetDependency;
			target = 0EB459031B9D7C4900FBB6AF /* Checklists */;
			targetProxy = 0EB4591A1B9D7C4900FBB6AF /* PBXContainerItemProxy */;
		};
/* End PBXTargetDependency section */

/* Begin XCBuildConfiguration section */
		0EB459211B9D7C4900FBB6AF /* Debug */ = {
			isa = XCBuildConfiguration;
			buildSettings = {
				ALWAYS_SEARCH_USER_PATHS = NO;
				CLANG_CXX_LANGUAGE_STANDARD = "gnu++0x";
				CLANG_CXX_LIBRARY = "libc++";
				CLANG_ENABLE_MODULES = YES;
				CLANG_ENABLE_OBJC_ARC = YES;
				CLANG_WARN_BOOL_CONVERSION = YES;
				CLANG_WARN_CONSTANT_CONVERSION = YES;
				CLANG_WARN_DIRECT_OBJC_ISA_USAGE = YES_ERROR;
				CLANG_WARN_EMPTY_BODY = YES;
				CLANG_WARN_ENUM_CONVERSION = YES;
				CLANG_WARN_INT_CONVERSION = YES;
				CLANG_WARN_OBJC_ROOT_CLASS = YES_ERROR;
				CLANG_WARN_UNREACHABLE_CODE = YES;
				CLANG_WARN__DUPLICATE_METHOD_MATCH = YES;
				"CODE_SIGN_IDENTITY[sdk=iphoneos*]" = "iPhone Developer";
				COPY_PHASE_STRIP = NO;
				DEBUG_INFORMATION_FORMAT = "dwarf-with-dsym";
				ENABLE_STRICT_OBJC_MSGSEND = YES;
				GCC_C_LANGUAGE_STANDARD = gnu99;
				GCC_DYNAMIC_NO_PIC = NO;
				GCC_NO_COMMON_BLOCKS = YES;
				GCC_OPTIMIZATION_LEVEL = 0;
				GCC_PREPROCESSOR_DEFINITIONS = (
					"DEBUG=1",
					"$(inherited)",
				);
				GCC_SYMBOLS_PRIVATE_EXTERN = NO;
				GCC_WARN_64_TO_32_BIT_CONVERSION = YES;
				GCC_WARN_ABOUT_RETURN_TYPE = YES_ERROR;
				GCC_WARN_UNDECLARED_SELECTOR = YES;
				GCC_WARN_UNINITIALIZED_AUTOS = YES_AGGRESSIVE;
				GCC_WARN_UNUSED_FUNCTION = YES;
				GCC_WARN_UNUSED_VARIABLE = YES;
				IPHONEOS_DEPLOYMENT_TARGET = 8.4;
				MTL_ENABLE_DEBUG_INFO = YES;
				ONLY_ACTIVE_ARCH = YES;
				SDKROOT = iphoneos;
				SWIFT_OPTIMIZATION_LEVEL = "-Onone";
			};
			name = Debug;
		};
		0EB459221B9D7C4900FBB6AF /* Release */ = {
			isa = XCBuildConfiguration;
			buildSettings = {
				ALWAYS_SEARCH_USER_PATHS = NO;
				CLANG_CXX_LANGUAGE_STANDARD = "gnu++0x";
				CLANG_CXX_LIBRARY = "libc++";
				CLANG_ENABLE_MODULES = YES;
				CLANG_ENABLE_OBJC_ARC = YES;
				CLANG_WARN_BOOL_CONVERSION = YES;
				CLANG_WARN_CONSTANT_CONVERSION = YES;
				CLANG_WARN_DIRECT_OBJC_ISA_USAGE = YES_ERROR;
				CLANG_WARN_EMPTY_BODY = YES;
				CLANG_WARN_ENUM_CONVERSION = YES;
				CLANG_WARN_INT_CONVERSION = YES;
				CLANG_WARN_OBJC_ROOT_CLASS = YES_ERROR;
				CLANG_WARN_UNREACHABLE_CODE = YES;
				CLANG_WARN__DUPLICATE_METHOD_MATCH = YES;
				"CODE_SIGN_IDENTITY[sdk=iphoneos*]" = "iPhone Developer";
				COPY_PHASE_STRIP = NO;
				DEBUG_INFORMATION_FORMAT = "dwarf-with-dsym";
				ENABLE_NS_ASSERTIONS = NO;
				ENABLE_STRICT_OBJC_MSGSEND = YES;
				GCC_C_LANGUAGE_STANDARD = gnu99;
				GCC_NO_COMMON_BLOCKS = YES;
				GCC_WARN_64_TO_32_BIT_CONVERSION = YES;
				GCC_WARN_ABOUT_RETURN_TYPE = YES_ERROR;
				GCC_WARN_UNDECLARED_SELECTOR = YES;
				GCC_WARN_UNINITIALIZED_AUTOS = YES_AGGRESSIVE;
				GCC_WARN_UNUSED_FUNCTION = YES;
				GCC_WARN_UNUSED_VARIABLE = YES;
				IPHONEOS_DEPLOYMENT_TARGET = 8.4;
				MTL_ENABLE_DEBUG_INFO = NO;
				SDKROOT = iphoneos;
				VALIDATE_PRODUCT = YES;
			};
			name = Release;
		};
		0EB459241B9D7C4900FBB6AF /* Debug */ = {
			isa = XCBuildConfiguration;
			buildSettings = {
				ASSETCATALOG_COMPILER_APPICON_NAME = AppIcon;
				INFOPLIST_FILE = Checklists/Info.plist;
				LD_RUNPATH_SEARCH_PATHS = "$(inherited) @executable_path/Frameworks";
				PRODUCT_NAME = "$(TARGET_NAME)";
			};
			name = Debug;
		};
		0EB459251B9D7C4900FBB6AF /* Release */ = {
			isa = XCBuildConfiguration;
			buildSettings = {
				ASSETCATALOG_COMPILER_APPICON_NAME = AppIcon;
				INFOPLIST_FILE = Checklists/Info.plist;
				LD_RUNPATH_SEARCH_PATHS = "$(inherited) @executable_path/Frameworks";
				PRODUCT_NAME = "$(TARGET_NAME)";
			};
			name = Release;
		};
		0EB459271B9D7C4900FBB6AF /* Debug */ = {
			isa = XCBuildConfiguration;
			buildSettings = {
				BUNDLE_LOADER = "$(TEST_HOST)";
				FRAMEWORK_SEARCH_PATHS = (
					"$(SDKROOT)/Developer/Library/Frameworks",
					"$(inherited)",
				);
				GCC_PREPROCESSOR_DEFINITIONS = (
					"DEBUG=1",
					"$(inherited)",
				);
				INFOPLIST_FILE = ChecklistsTests/Info.plist;
				LD_RUNPATH_SEARCH_PATHS = "$(inherited) @executable_path/Frameworks @loader_path/Frameworks";
				PRODUCT_NAME = "$(TARGET_NAME)";
				TEST_HOST = "$(BUILT_PRODUCTS_DIR)/Checklists.app/Checklists";
			};
			name = Debug;
		};
		0EB459281B9D7C4900FBB6AF /* Release */ = {
			isa = XCBuildConfiguration;
			buildSettings = {
				BUNDLE_LOADER = "$(TEST_HOST)";
				FRAMEWORK_SEARCH_PATHS = (
					"$(SDKROOT)/Developer/Library/Frameworks",
					"$(inherited)",
				);
				INFOPLIST_FILE = ChecklistsTests/Info.plist;
				LD_RUNPATH_SEARCH_PATHS = "$(inherited) @executable_path/Frameworks @loader_path/Frameworks";
				PRODUCT_NAME = "$(TARGET_NAME)";
				TEST_HOST = "$(BUILT_PRODUCTS_DIR)/Checklists.app/Checklists";
			};
			name = Release;
		};
/* End XCBuildConfiguration section */

/* Begin XCConfigurationList section */
		0EB458FF1B9D7C4900FBB6AF /* Build configuration list for PBXProject "Checklists" */ = {
			isa = XCConfigurationList;
			buildConfigurations = (
				0EB459211B9D7C4900FBB6AF /* Debug */,
				0EB459221B9D7C4900FBB6AF /* Release */,
			);
			defaultConfigurationIsVisible = 0;
			defaultConfigurationName = Release;
		};
		0EB459231B9D7C4900FBB6AF /* Build configuration list for PBXNativeTarget "Checklists" */ = {
			isa = XCConfigurationList;
			buildConfigurations = (
				0EB459241B9D7C4900FBB6AF /* Debug */,
				0EB459251B9D7C4900FBB6AF /* Release */,
			);
			defaultConfigurationIsVisible = 0;
			defaultConfigurationName = Release;
		};
		0EB459261B9D7C4900FBB6AF /* Build configuration list for PBXNativeTarget "ChecklistsTests" */ = {
			isa = XCConfigurationList;
			buildConfigurations = (
				0EB459271B9D7C4900FBB6AF /* Debug */,
				0EB459281B9D7C4900FBB6AF /* Release */,
			);
			defaultConfigurationIsVisible = 0;
			defaultConfigurationName = Release;
		};
/* End XCConfigurationList section */
	};
	rootObject = 0EB458FC1B9D7C4900FBB6AF /* Project object */;
}
